
Microsoft Visual Studio Solution File, Format Version 12.00
# Visual Studio Version 16
VisualStudioVersion = 16.0.28531.181
MinimumVisualStudioVersion = 10.0.40219.1
Project("{FAE04EC0-301F-11D3-BF4B-00C04F79EFBC}") = "MSBuildGraphUI", "src\MSBuildGraphUI\MSBuildGraphUI.csproj", "{1C2C61EF-C498-406E-A33A-64E6158E6C93}"
EndProject
Project("{FAE04EC0-301F-11D3-BF4B-00C04F79EFBC}") = "GraphGen", "src\GraphGen\GraphGen.csproj", "{8BAE078E-9ADD-477F-BFA2-59956452640F}"
EndProject
Global
	GlobalSection(SolutionConfigurationPlatforms) = preSolution
		Debug|Any CPU = Debug|Any CPU
		Debug|x64 = Debug|x64
		Release|Any CPU = Release|Any CPU
		Release|x64 = Release|x64
	EndGlobalSection
	GlobalSection(ProjectConfigurationPlatforms) = postSolution
		{1C2C61EF-C498-406E-A33A-64E6158E6C93}.Debug|Any CPU.ActiveCfg = Debug|Any CPU
		{1C2C61EF-C498-406E-A33A-64E6158E6C93}.Debug|Any CPU.Build.0 = Debug|Any CPU
		{1C2C61EF-C498-406E-A33A-64E6158E6C93}.Debug|x64.ActiveCfg = Debug|x64
		{1C2C61EF-C498-406E-A33A-64E6158E6C93}.Debug|x64.Build.0 = Debug|x64
		{1C2C61EF-C498-406E-A33A-64E6158E6C93}.Release|Any CPU.ActiveCfg = Release|Any CPU
		{1C2C61EF-C498-406E-A33A-64E6158E6C93}.Release|Any CPU.Build.0 = Release|Any CPU
		{1C2C61EF-C498-406E-A33A-64E6158E6C93}.Release|x64.ActiveCfg = Release|x64
		{1C2C61EF-C498-406E-A33A-64E6158E6C93}.Release|x64.Build.0 = Release|x64
		{AD8D7D5E-14DE-4B5E-9101-D7DE4A6E840E}.Debug|Any CPU.ActiveCfg = Debug|Any CPU
		{AD8D7D5E-14DE-4B5E-9101-D7DE4A6E840E}.Debug|Any CPU.Build.0 = Debug|Any CPU
		{AD8D7D5E-14DE-4B5E-9101-D7DE4A6E840E}.Debug|x64.ActiveCfg = Debug|x64
		{AD8D7D5E-14DE-4B5E-9101-D7DE4A6E840E}.Debug|x64.Build.0 = Debug|x64
		{AD8D7D5E-14DE-4B5E-9101-D7DE4A6E840E}.Release|Any CPU.ActiveCfg = Release|Any CPU
		{AD8D7D5E-14DE-4B5E-9101-D7DE4A6E840E}.Release|Any CPU.Build.0 = Release|Any CPU
		{AD8D7D5E-14DE-4B5E-9101-D7DE4A6E840E}.Release|x64.ActiveCfg = Release|x64
		{AD8D7D5E-14DE-4B5E-9101-D7DE4A6E840E}.Release|x64.Build.0 = Release|x64
		{8BAE078E-9ADD-477F-BFA2-59956452640F}.Debug|Any CPU.ActiveCfg = Debug|Any CPU
		{8BAE078E-9ADD-477F-BFA2-59956452640F}.Debug|Any CPU.Build.0 = Debug|Any CPU
		{8BAE078E-9ADD-477F-BFA2-59956452640F}.Debug|x64.ActiveCfg = Debug|Any CPU
		{8BAE078E-9ADD-477F-BFA2-59956452640F}.Debug|x64.Build.0 = Debug|Any CPU
		{8BAE078E-9ADD-477F-BFA2-59956452640F}.Release|Any CPU.ActiveCfg = Release|Any CPU
		{8BAE078E-9ADD-477F-BFA2-59956452640F}.Release|Any CPU.Build.0 = Release|Any CPU
		{8BAE078E-9ADD-477F-BFA2-59956452640F}.Release|x64.ActiveCfg = Release|Any CPU
		{8BAE078E-9ADD-477F-BFA2-59956452640F}.Release|x64.Build.0 = Release|Any CPU
	EndGlobalSection
	GlobalSection(SolutionProperties) = preSolution
		HideSolutionNode = FALSE
	EndGlobalSection
	GlobalSection(ExtensibilityGlobals) = postSolution
		SolutionGuid = {85EA7B35-83F0-47E7-99F6-5B8B36AF3CB4}
	EndGlobalSection
EndGlobal
